<Solution>
  <Project Path="src/ComposableSettings/ComposableSettings.csproj" />
  <Project Path="src/ComposableSettings.Generator/ComposableSettings.Generator.csproj" />
  <Project Path="src/ComposableSettings.ActuatorRuntimeSettings/ComposableSettings.ActuatorRuntimeSettings.csproj" />
  <Project Path="tests/ComposableSettings.Tests/ComposableSettings.Tests.csproj" />
  <Project Path="tests/ComposableSettings.Generator.Tests/ComposableSettings.Generator.Tests.csproj" />
  <Project Path="tests/ComposableSettings.ActuatorRuntimeSettings.Tests/ComposableSettings.ActuatorRuntimeSettings.Tests.csproj" />
</Solution>
