<Solution>
    <Project Path="src/ComposableSettings/ComposableSettings.csproj"/>
    <Project Path="src/ComposableSettings.Generator/ComposableSettings.Generator.csproj"/>
    <Project Path="tests/ComposableSettings.Tests/ComposableSettings.Tests.csproj"/>
    <Project Path="tests/ComposableSettings.Generator.Tests/ComposableSettings.Generator.Tests.csproj"/>
</Solution>
